<?xml version="1.0" encoding="utf-8"?>
<Project ToolsVersion="4.0" xmlns="http://schemas.microsoft.com/developer/msbuild/2003">
  <ItemGroup>
    <Filter Include="Form Files">
      <UniqueIdentifier>{99349809-55BA-4b9d-BF79-8FDBB0286EB3}</UniqueIdentifier>
      <Extensions>ui</Extensions>
      <ParseFiles>false</ParseFiles>
    </Filter>
    <Filter Include="Form Files">
      <UniqueIdentifier>{99349809-55BA-4b9d-BF79-8FDBB0286EB3}</UniqueIdentifier>
      <Extensions>ui</Extensions>
      <ParseFiles>false</ParseFiles>
    </Filter>
    <Filter Include="Generated Files">
      <UniqueIdentifier>{71ED8ED8-ACB9-4CE9-BBE1-E00B30144E11}</UniqueIdentifier>
      <Extensions>cpp;c;cxx;moc;h;def;odl;idl;res;</Extensions>
    </Filter>
    <Filter Include="Generated Files">
      <UniqueIdentifier>{71ED8ED8-ACB9-4CE9-BBE1-E00B30144E11}</UniqueIdentifier>
      <Extensions>cpp;c;cxx;moc;h;def;odl;idl;res;</Extensions>
    </Filter>
    <Filter Include="Header Files">
      <UniqueIdentifier>{93995380-89BD-4b04-88EB-625FBE52EBFB}</UniqueIdentifier>
      <Extensions>h;hpp;hxx;hm;inl;inc;xsd</Extensions>
    </Filter>
    <Filter Include="Header Files">
      <UniqueIdentifier>{93995380-89BD-4b04-88EB-625FBE52EBFB}</UniqueIdentifier>
      <Extensions>h;hpp;hxx;hm;inl;inc;xsd</Extensions>
    </Filter>
    <Filter Include="Source Files">
      <UniqueIdentifier>{4FC737F1-C7A5-4376-A066-2A32D752A2FF}</UniqueIdentifier>
      <Extensions>cpp;c;cxx;def;odl;idl;hpj;bat;asm;asmx</Extensions>
    </Filter>
    <Filter Include="Source Files">
      <UniqueIdentifier>{4FC737F1-C7A5-4376-A066-2A32D752A2FF}</UniqueIdentifier>
      <Extensions>cpp;c;cxx;def;odl;idl;hpj;bat;asm;asmx</Extensions>
    </Filter>
    <Filter Include="Generated Files\Debug">
      <UniqueIdentifier>{10e4ca26-5188-4b3d-8ef9-c0258d285289}</UniqueIdentifier>
      <Extensions>cpp;moc</Extensions>
      <SourceControlFiles>False</SourceControlFiles>
    </Filter>
    <Filter Include="Generated Files\Release">
      <UniqueIdentifier>{998e37c1-ea10-4493-a2bc-6e70ac0fbc40}</UniqueIdentifier>
      <Extensions>cpp;moc</Extensions>
      <SourceControlFiles>False</SourceControlFiles>
    </Filter>
  </ItemGroup>
  <ItemGroup>
    <ClCompile Include="main.cpp">
      <Filter>Source Files</Filter>
    </ClCompile>
    <ClCompile Include="GeneratedFiles\Debug\moc_mainwindow.cpp">
      <Filter>Generated Files\Debug</Filter>
    </ClCompile>
    <ClCompile Include="GeneratedFiles\Release\moc_mainwindow.cpp">
      <Filter>Generated Files\Release</Filter>
    </ClCompile>
    <ClCompile Include="App\Base\OpenGLApp.cpp">
      <Filter>Generated Files</Filter>
    </ClCompile>
    <ClCompile Include="App\Data\Mesh.cpp">
      <Filter>Generated Files</Filter>
    </ClCompile>
    <ClCompile Include="App\Game\Camera.cpp">
      <Filter>Generated Files</Filter>
    </ClCompile>
    <ClCompile Include="App\Game\Grid.cpp">
      <Filter>Generated Files</Filter>
    </ClCompile>
    <ClCompile Include="App\Game\Light.cpp">
      <Filter>Generated Files</Filter>
    </ClCompile>
    <ClCompile Include="App\Game\Scene.cpp">
      <Filter>Generated Files</Filter>
    </ClCompile>
    <ClCompile Include="App\Game\SceneEntity.cpp">
      <Filter>Generated Files</Filter>
    </ClCompile>
    <ClCompile Include="App\Game\Shader.cpp">
      <Filter>Generated Files</Filter>
    </ClCompile>
    <ClCompile Include="App\Services\GameStorage.cpp">
      <Filter>Generated Files</Filter>
    </ClCompile>
    <ClCompile Include="App\Services\Logger.cpp">
      <Filter>Generated Files</Filter>
    </ClCompile>
    <ClCompile Include="App\Services\ModelLoader.cpp">
      <Filter>Generated Files</Filter>
    </ClCompile>
    <ClCompile Include="App\System\Input\InputManager.cpp">
      <Filter>Generated Files</Filter>
    </ClCompile>
    <ClCompile Include="App\System\Render\RenderSystem.cpp">
      <Filter>Generated Files</Filter>
    </ClCompile>
    <ClCompile Include="App\System\Render\_internal\TextRenderer.cpp">
      <Filter>Generated Files</Filter>
    </ClCompile>
    <ClCompile Include="App\Tools\ITransformTool.cpp">
      <Filter>Generated Files</Filter>
    </ClCompile>
    <ClCompile Include="App\Tools\RotationTool.cpp">
      <Filter>Generated Files</Filter>
    </ClCompile>
    <ClCompile Include="App\Tools\ScaleTool.cpp">
      <Filter>Generated Files</Filter>
    </ClCompile>
    <ClCompile Include="App\Tools\TranslationTool.cpp">
      <Filter>Generated Files</Filter>
    </ClCompile>
    <ClCompile Include="App\SceneEditor.cpp">
      <Filter>Generated Files</Filter>
    </ClCompile>
    <ClCompile Include="App\UI\mainwindow.cpp">
      <Filter>Source Files</Filter>
    </ClCompile>
    <ClCompile Include="App\UI\SceneEditorUI.cpp">
      <Filter>Generated Files</Filter>
    </ClCompile>
    <ClCompile Include="App\System\Physics\PhysicsSystem.cpp">
      <Filter>Generated Files</Filter>
    </ClCompile>
    <ClCompile Include="App\System\Physics\SimulationCallbackHandler.cpp">
      <Filter>Generated Files</Filter>
    </ClCompile>
    <ClCompile Include="App\Game\PhysicsComponent.cpp">
      <Filter>Generated Files</Filter>
    </ClCompile>
  </ItemGroup>
  <ItemGroup>
    <CustomBuild Include="App\UI\mainwindow.h">
      <Filter>Header Files</Filter>
    </CustomBuild>
    <CustomBuild Include="App\UI\mainwindow.ui">
      <Filter>Form Files</Filter>
    </CustomBuild>
  </ItemGroup>
  <ItemGroup>
    <ClInclude Include="GeneratedFiles\ui_mainwindow.h">
      <Filter>Generated Files</Filter>
    </ClInclude>
    <ClInclude Include="App\SceneEditor.h">
      <Filter>Generated Files</Filter>
    </ClInclude>
    <ClInclude Include="App\Data\Model.h">
      <Filter>Generated Files</Filter>
    </ClInclude>
    <ClInclude Include="App\Data\Core\Texture.h">
      <Filter>Generated Files</Filter>
    </ClInclude>
    <ClInclude Include="App\Data\Core\Vertex.h">
      <Filter>Generated Files</Filter>
    </ClInclude>
    <ClInclude Include="App\Data\Material.h">
      <Filter>Generated Files</Filter>
    </ClInclude>
    <ClInclude Include="App\Data\Mesh.h">
      <Filter>Generated Files</Filter>
    </ClInclude>
    <ClInclude Include="App\Game\Shader.h">
      <Filter>Generated Files</Filter>
    </ClInclude>
    <ClInclude Include="App\Game\Camera.h">
      <Filter>Generated Files</Filter>
    </ClInclude>
    <ClInclude Include="App\Game\Grid.h">
      <Filter>Generated Files</Filter>
    </ClInclude>
    <ClInclude Include="App\Game\Light.h">
      <Filter>Generated Files</Filter>
    </ClInclude>
    <ClInclude Include="App\Game\Scene.h">
      <Filter>Generated Files</Filter>
    </ClInclude>
    <ClInclude Include="App\Game\SceneEntity.h">
      <Filter>Generated Files</Filter>
    </ClInclude>
    <ClInclude Include="App\Services\GameStorage.h">
      <Filter>Generated Files</Filter>
    </ClInclude>
    <ClInclude Include="App\Services\Logger.h">
      <Filter>Generated Files</Filter>
    </ClInclude>
    <ClInclude Include="App\Services\ModelLoader.h">
      <Filter>Generated Files</Filter>
    </ClInclude>
    <ClInclude Include="App\System\Input\InputManager.h">
      <Filter>Generated Files</Filter>
    </ClInclude>
    <ClInclude Include="App\System\Render\RenderSystem.h">
      <Filter>Generated Files</Filter>
    </ClInclude>
    <ClInclude Include="App\System\Render\_internal\TextRenderer.h">
      <Filter>Generated Files</Filter>
    </ClInclude>
    <ClInclude Include="App\Tools\EToolType.h">
      <Filter>Generated Files</Filter>
    </ClInclude>
    <ClInclude Include="App\Tools\ITransformTool.h">
      <Filter>Generated Files</Filter>
    </ClInclude>
    <ClInclude Include="App\Tools\RotationTool.h">
      <Filter>Generated Files</Filter>
    </ClInclude>
    <ClInclude Include="App\Tools\ScaleTool.h">
      <Filter>Generated Files</Filter>
    </ClInclude>
    <ClInclude Include="App\Tools\TranslationTool.h">
      <Filter>Generated Files</Filter>
    </ClInclude>
    <ClInclude Include="App\Utils\Utils.h">
      <Filter>Generated Files</Filter>
    </ClInclude>
    <ClInclude Include="App\Utils\Win32\OpenFileDialog.h">
      <Filter>Generated Files</Filter>
    </ClInclude>
    <ClInclude Include="App\Utils\Win32\SaveFileDialog.h">
      <Filter>Generated Files</Filter>
    </ClInclude>
    <ClInclude Include="App\Utils\Win32\Utils.h">
      <Filter>Generated Files</Filter>
    </ClInclude>
    <ClInclude Include="App\Base\OpenGLApp.h">
      <Filter>Generated Files</Filter>
    </ClInclude>
    <ClInclude Include="App\UI\SceneEditorUI.h">
      <Filter>Generated Files</Filter>
    </ClInclude>
    <ClInclude Include="App\System\Physics\PhysicsSystem.h">
      <Filter>Generated Files</Filter>
    </ClInclude>
    <ClInclude Include="App\Game\PhysicsComponent.h">
      <Filter>Generated Files</Filter>
    </ClInclude>
  </ItemGroup>
</Project>